// !$*UTF8*$!
{
	archiveVersion = 1;
	classes = {
	};
	objectVersion = 50;
	objects = {

/* Begin PBXBuildFile section */
		5924F1F822C075A800F1E57A /* ITunesDataObject.m in Sources */ = {isa = PBXBuildFile; fileRef = 5924F1F722C075A800F1E57A /* ITunesDataObject.m */; };
		5974A88F22C1DEE900F02C93 /* UserStatusSingleton.m in Sources */ = {isa = PBXBuildFile; fileRef = 5974A88E22C1DEE900F02C93 /* UserStatusSingleton.m */; };
		5974A89322C1FD3C00F02C93 /* UserViewController.m in Sources */ = {isa = PBXBuildFile; fileRef = 5974A89222C1FD3C00F02C93 /* UserViewController.m */; };
		5974A89722C1FFBD00F02C93 /* UserTableViewCell.m in Sources */ = {isa = PBXBuildFile; fileRef = 5974A89522C1FFBD00F02C93 /* UserTableViewCell.m */; };
		5974A89822C1FFBD00F02C93 /* UserTableViewCell.xib in Resources */ = {isa = PBXBuildFile; fileRef = 5974A89622C1FFBD00F02C93 /* UserTableViewCell.xib */; };
		5974A89D22C21B5F00F02C93 /* WebViewController.m in Sources */ = {isa = PBXBuildFile; fileRef = 5974A89C22C21B5F00F02C93 /* WebViewController.m */; };
		59A49AD422BF7802001A9507 /* ITunesProvider.m in Sources */ = {isa = PBXBuildFile; fileRef = 59A49AD322BF7802001A9507 /* ITunesProvider.m */; };
		59A49AD822BF7C26001A9507 /* AFNetworkingObject.m in Sources */ = {isa = PBXBuildFile; fileRef = 59A49AD722BF7C26001A9507 /* AFNetworkingObject.m */; };
		59E6B40E22BE5B8900A956DD /* AppDelegate.m in Sources */ = {isa = PBXBuildFile; fileRef = 59E6B40D22BE5B8900A956DD /* AppDelegate.m */; };
		59E6B41422BE5B8900A956DD /* Main.storyboard in Resources */ = {isa = PBXBuildFile; fileRef = 59E6B41222BE5B8900A956DD /* Main.storyboard */; };
		59E6B41622BE5B8A00A956DD /* Assets.xcassets in Resources */ = {isa = PBXBuildFile; fileRef = 59E6B41522BE5B8A00A956DD /* Assets.xcassets */; };
		59E6B41922BE5B8A00A956DD /* LaunchScreen.storyboard in Resources */ = {isa = PBXBuildFile; fileRef = 59E6B41722BE5B8A00A956DD /* LaunchScreen.storyboard */; };
		59E6B41C22BE5B8A00A956DD /* main.m in Sources */ = {isa = PBXBuildFile; fileRef = 59E6B41B22BE5B8A00A956DD /* main.m */; };
		59E6B42422BE5DB500A956DD /* SearchMainViewController.m in Sources */ = {isa = PBXBuildFile; fileRef = 59E6B42322BE5DB500A956DD /* SearchMainViewController.m */; };
		59E6B42F22BE66D200A956DD /* SearchMainTableViewCell.m in Sources */ = {isa = PBXBuildFile; fileRef = 59E6B42D22BE66D200A956DD /* SearchMainTableViewCell.m */; };
		59E6B43022BE66D200A956DD /* SearchMainTableViewCell.xib in Resources */ = {isa = PBXBuildFile; fileRef = 59E6B42E22BE66D200A956DD /* SearchMainTableViewCell.xib */; };
		8C7B7635DC7D9EBA7C7ECF8C /* libPods-ObjectCWork.a in Frameworks */ = {isa = PBXBuildFile; fileRef = 00E3B70CF9FB50AD678C7CC0 /* libPods-ObjectCWork.a */; };
/* End PBXBuildFile section */

/* Begin PBXFileReference section */
		00E3B70CF9FB50AD678C7CC0 /* libPods-ObjectCWork.a */ = {isa = PBXFileReference; explicitFileType = archive.ar; includeInIndex = 0; path = "libPods-ObjectCWork.a"; sourceTree = BUILT_PRODUCTS_DIR; };
		04DE4DDA32EC54C1827629B7 /* Pods-ObjectCWork.release.xcconfig */ = {isa = PBXFileReference; includeInIndex = 1; lastKnownFileType = text.xcconfig; name = "Pods-ObjectCWork.release.xcconfig"; path = "Target Support Files/Pods-ObjectCWork/Pods-ObjectCWork.release.xcconfig"; sourceTree = "<group>"; };
		5924F1F722C075A800F1E57A /* ITunesDataObject.m */ = {isa = PBXFileReference; lastKnownFileType = sourcecode.c.objc; path = ITunesDataObject.m; sourceTree = "<group>"; };
		5924F1F922C075BB00F1E57A /* ITunesDataObject.h */ = {isa = PBXFileReference; lastKnownFileType = sourcecode.c.h; path = ITunesDataObject.h; sourceTree = "<group>"; };
		5974A88E22C1DEE900F02C93 /* UserStatusSingleton.m */ = {isa = PBXFileReference; lastKnownFileType = sourcecode.c.objc; path = UserStatusSingleton.m; sourceTree = "<group>"; };
		5974A89022C1DEF600F02C93 /* UserStatusSingleton.h */ = {isa = PBXFileReference; lastKnownFileType = sourcecode.c.h; path = UserStatusSingleton.h; sourceTree = "<group>"; };
		5974A89122C1FD3C00F02C93 /* UserViewController.h */ = {isa = PBXFileReference; lastKnownFileType = sourcecode.c.h; path = UserViewController.h; sourceTree = "<group>"; };
		5974A89222C1FD3C00F02C93 /* UserViewController.m */ = {isa = PBXFileReference; lastKnownFileType = sourcecode.c.objc; path = UserViewController.m; sourceTree = "<group>"; };
		5974A89422C1FFBD00F02C93 /* UserTableViewCell.h */ = {isa = PBXFileReference; lastKnownFileType = sourcecode.c.h; path = UserTableViewCell.h; sourceTree = "<group>"; };
		5974A89522C1FFBD00F02C93 /* UserTableViewCell.m */ = {isa = PBXFileReference; lastKnownFileType = sourcecode.c.objc; path = UserTableViewCell.m; sourceTree = "<group>"; };
		5974A89622C1FFBD00F02C93 /* UserTableViewCell.xib */ = {isa = PBXFileReference; lastKnownFileType = file.xib; path = UserTableViewCell.xib; sourceTree = "<group>"; };
		5974A89B22C21B5F00F02C93 /* WebViewController.h */ = {isa = PBXFileReference; lastKnownFileType = sourcecode.c.h; path = WebViewController.h; sourceTree = "<group>"; };
		5974A89C22C21B5F00F02C93 /* WebViewController.m */ = {isa = PBXFileReference; lastKnownFileType = sourcecode.c.objc; path = WebViewController.m; sourceTree = "<group>"; };
		59A49AD322BF7802001A9507 /* ITunesProvider.m */ = {isa = PBXFileReference; lastKnownFileType = sourcecode.c.objc; path = ITunesProvider.m; sourceTree = "<group>"; };
		59A49AD522BF7833001A9507 /* ITunesProvider.h */ = {isa = PBXFileReference; lastKnownFileType = sourcecode.c.h; path = ITunesProvider.h; sourceTree = "<group>"; };
		59A49AD722BF7C26001A9507 /* AFNetworkingObject.m */ = {isa = PBXFileReference; lastKnownFileType = sourcecode.c.objc; path = AFNetworkingObject.m; sourceTree = "<group>"; };
		59A49AD922BF8E1B001A9507 /* AFNetworkingObject.h */ = {isa = PBXFileReference; lastKnownFileType = sourcecode.c.h; path = AFNetworkingObject.h; sourceTree = "<group>"; };
		59E6B40922BE5B8900A956DD /* ObjectCWork.app */ = {isa = PBXFileReference; explicitFileType = wrapper.application; includeInIndex = 0; path = ObjectCWork.app; sourceTree = BUILT_PRODUCTS_DIR; };
		59E6B40C22BE5B8900A956DD /* AppDelegate.h */ = {isa = PBXFileReference; lastKnownFileType = sourcecode.c.h; path = AppDelegate.h; sourceTree = "<group>"; };
		59E6B40D22BE5B8900A956DD /* AppDelegate.m */ = {isa = PBXFileReference; lastKnownFileType = sourcecode.c.objc; path = AppDelegate.m; sourceTree = "<group>"; };
		59E6B41322BE5B8900A956DD /* Base */ = {isa = PBXFileReference; lastKnownFileType = file.storyboard; name = Base; path = Base.lproj/Main.storyboard; sourceTree = "<group>"; };
		59E6B41522BE5B8A00A956DD /* Assets.xcassets */ = {isa = PBXFileReference; lastKnownFileType = folder.assetcatalog; path = Assets.xcassets; sourceTree = "<group>"; };
		59E6B41822BE5B8A00A956DD /* Base */ = {isa = PBXFileReference; lastKnownFileType = file.storyboard; name = Base; path = Base.lproj/LaunchScreen.storyboard; sourceTree = "<group>"; };
		59E6B41A22BE5B8A00A956DD /* Info.plist */ = {isa = PBXFileReference; lastKnownFileType = text.plist.xml; path = Info.plist; sourceTree = "<group>"; };
		59E6B41B22BE5B8A00A956DD /* main.m */ = {isa = PBXFileReference; lastKnownFileType = sourcecode.c.objc; path = main.m; sourceTree = "<group>"; };
		59E6B42322BE5DB500A956DD /* SearchMainViewController.m */ = {isa = PBXFileReference; lastKnownFileType = sourcecode.c.objc; path = SearchMainViewController.m; sourceTree = "<group>"; };
		59E6B42522BE5E3B00A956DD /* SearchMainViewController.h */ = {isa = PBXFileReference; lastKnownFileType = sourcecode.c.h; path = SearchMainViewController.h; sourceTree = "<group>"; };
		59E6B42C22BE66D200A956DD /* SearchMainTableViewCell.h */ = {isa = PBXFileReference; lastKnownFileType = sourcecode.c.h; path = SearchMainTableViewCell.h; sourceTree = "<group>"; };
		59E6B42D22BE66D200A956DD /* SearchMainTableViewCell.m */ = {isa = PBXFileReference; lastKnownFileType = sourcecode.c.objc; path = SearchMainTableViewCell.m; sourceTree = "<group>"; };
		59E6B42E22BE66D200A956DD /* SearchMainTableViewCell.xib */ = {isa = PBXFileReference; lastKnownFileType = file.xib; path = SearchMainTableViewCell.xib; sourceTree = "<group>"; };
		D6E8E22F77E0DD121084B648 /* Pods-ObjectCWork.debug.xcconfig */ = {isa = PBXFileReference; includeInIndex = 1; lastKnownFileType = text.xcconfig; name = "Pods-ObjectCWork.debug.xcconfig"; path = "Target Support Files/Pods-ObjectCWork/Pods-ObjectCWork.debug.xcconfig"; sourceTree = "<group>"; };
/* End PBXFileReference section */

/* Begin PBXFrameworksBuildPhase section */
		59E6B40622BE5B8900A956DD /* Frameworks */ = {
			isa = PBXFrameworksBuildPhase;
			buildActionMask = 2147483647;
			files = (
				8C7B7635DC7D9EBA7C7ECF8C /* libPods-ObjectCWork.a in Frameworks */,
			);
			runOnlyForDeploymentPostprocessing = 0;
		};
/* End PBXFrameworksBuildPhase section */

/* Begin PBXGroup section */
		5905F78587D8AFD1E13BF6DA /* Frameworks */ = {
			isa = PBXGroup;
			children = (
				00E3B70CF9FB50AD678C7CC0 /* libPods-ObjectCWork.a */,
			);
			name = Frameworks;
			sourceTree = "<group>";
		};
		5974A89922C2063C00F02C93 /* SearchMain */ = {
			isa = PBXGroup;
			children = (
				59E6B42C22BE66D200A956DD /* SearchMainTableViewCell.h */,
				59E6B42D22BE66D200A956DD /* SearchMainTableViewCell.m */,
				59E6B42E22BE66D200A956DD /* SearchMainTableViewCell.xib */,
			);
			path = SearchMain;
			sourceTree = "<group>";
		};
		5974A89A22C2065400F02C93 /* User */ = {
			isa = PBXGroup;
			children = (
				5974A89422C1FFBD00F02C93 /* UserTableViewCell.h */,
				5974A89522C1FFBD00F02C93 /* UserTableViewCell.m */,
				5974A89622C1FFBD00F02C93 /* UserTableViewCell.xib */,
			);
			path = User;
			sourceTree = "<group>";
		};
		59A49AD222BF77CD001A9507 /* Model */ = {
			isa = PBXGroup;
			children = (
				59A49AD322BF7802001A9507 /* ITunesProvider.m */,
				59A49AD522BF7833001A9507 /* ITunesProvider.h */,
				5924F1F722C075A800F1E57A /* ITunesDataObject.m */,
				5924F1F922C075BB00F1E57A /* ITunesDataObject.h */,
				5974A88E22C1DEE900F02C93 /* UserStatusSingleton.m */,
				5974A89022C1DEF600F02C93 /* UserStatusSingleton.h */,
			);
			path = Model;
			sourceTree = "<group>";
		};
		59A49AD622BF7B6A001A9507 /* ThirdPatryFramework */ = {
			isa = PBXGroup;
			children = (
				59A49AD722BF7C26001A9507 /* AFNetworkingObject.m */,
				59A49AD922BF8E1B001A9507 /* AFNetworkingObject.h */,
			);
			path = ThirdPatryFramework;
			sourceTree = "<group>";
		};
		59E6B40022BE5B8900A956DD = {
			isa = PBXGroup;
			children = (
				59E6B40B22BE5B8900A956DD /* ObjectCWork */,
				59E6B40A22BE5B8900A956DD /* Products */,
				BDD81F5B17E915CF2CB57CB9 /* Pods */,
				5905F78587D8AFD1E13BF6DA /* Frameworks */,
			);
			sourceTree = "<group>";
		};
		59E6B40A22BE5B8900A956DD /* Products */ = {
			isa = PBXGroup;
			children = (
				59E6B40922BE5B8900A956DD /* ObjectCWork.app */,
			);
			name = Products;
			sourceTree = "<group>";
		};
		59E6B40B22BE5B8900A956DD /* ObjectCWork */ = {
			isa = PBXGroup;
			children = (
				59A49AD622BF7B6A001A9507 /* ThirdPatryFramework */,
				59A49AD222BF77CD001A9507 /* Model */,
				59E6B42622BE668100A956DD /* View */,
				59E6B42222BE5D7A00A956DD /* Controller */,
				59E6B40C22BE5B8900A956DD /* AppDelegate.h */,
				59E6B40D22BE5B8900A956DD /* AppDelegate.m */,
				59E6B41222BE5B8900A956DD /* Main.storyboard */,
				59E6B41522BE5B8A00A956DD /* Assets.xcassets */,
				59E6B41722BE5B8A00A956DD /* LaunchScreen.storyboard */,
				59E6B41A22BE5B8A00A956DD /* Info.plist */,
				59E6B41B22BE5B8A00A956DD /* main.m */,
			);
			path = ObjectCWork;
			sourceTree = "<group>";
		};
		59E6B42222BE5D7A00A956DD /* Controller */ = {
			isa = PBXGroup;
			children = (
				59E6B42322BE5DB500A956DD /* SearchMainViewController.m */,
				59E6B42522BE5E3B00A956DD /* SearchMainViewController.h */,
				5974A89122C1FD3C00F02C93 /* UserViewController.h */,
				5974A89222C1FD3C00F02C93 /* UserViewController.m */,
				5974A89B22C21B5F00F02C93 /* WebViewController.h */,
				5974A89C22C21B5F00F02C93 /* WebViewController.m */,
			);
			path = Controller;
			sourceTree = "<group>";
		};
		59E6B42622BE668100A956DD /* View */ = {
			isa = PBXGroup;
			children = (
				5974A89A22C2065400F02C93 /* User */,
				5974A89922C2063C00F02C93 /* SearchMain */,
			);
			path = View;
			sourceTree = "<group>";
		};
		BDD81F5B17E915CF2CB57CB9 /* Pods */ = {
			isa = PBXGroup;
			children = (
				D6E8E22F77E0DD121084B648 /* Pods-ObjectCWork.debug.xcconfig */,
				04DE4DDA32EC54C1827629B7 /* Pods-ObjectCWork.release.xcconfig */,
			);
			path = Pods;
			sourceTree = "<group>";
		};
/* End PBXGroup section */

/* Begin PBXNativeTarget section */
		59E6B40822BE5B8900A956DD /* ObjectCWork */ = {
			isa = PBXNativeTarget;
			buildConfigurationList = 59E6B41F22BE5B8A00A956DD /* Build configuration list for PBXNativeTarget "ObjectCWork" */;
			buildPhases = (
				3C04ECEBF49BBB29A81221FE /* [CP] Check Pods Manifest.lock */,
				59E6B40522BE5B8900A956DD /* Sources */,
				59E6B40622BE5B8900A956DD /* Frameworks */,
				59E6B40722BE5B8900A956DD /* Resources */,
			);
			buildRules = (
			);
			dependencies = (
			);
			name = ObjectCWork;
			productName = ObjectCWork;
			productReference = 59E6B40922BE5B8900A956DD /* ObjectCWork.app */;
			productType = "com.apple.product-type.application";
		};
/* End PBXNativeTarget section */

/* Begin PBXProject section */
		59E6B40122BE5B8900A956DD /* Project object */ = {
			isa = PBXProject;
			attributes = {
				LastUpgradeCheck = 1020;
				ORGANIZATIONNAME = "姜旦旦";
				TargetAttributes = {
					59E6B40822BE5B8900A956DD = {
						CreatedOnToolsVersion = 10.2;
					};
				};
			};
			buildConfigurationList = 59E6B40422BE5B8900A956DD /* Build configuration list for PBXProject "ObjectCWork" */;
			compatibilityVersion = "Xcode 9.3";
			developmentRegion = en;
			hasScannedForEncodings = 0;
			knownRegions = (
				en,
				Base,
			);
			mainGroup = 59E6B40022BE5B8900A956DD;
			productRefGroup = 59E6B40A22BE5B8900A956DD /* Products */;
			projectDirPath = "";
			projectRoot = "";
			targets = (
				59E6B40822BE5B8900A956DD /* ObjectCWork */,
			);
		};
/* End PBXProject section */

/* Begin PBXResourcesBuildPhase section */
		59E6B40722BE5B8900A956DD /* Resources */ = {
			isa = PBXResourcesBuildPhase;
			buildActionMask = 2147483647;
			files = (
				59E6B41922BE5B8A00A956DD /* LaunchScreen.storyboard in Resources */,
				59E6B41622BE5B8A00A956DD /* Assets.xcassets in Resources */,
				59E6B43022BE66D200A956DD /* SearchMainTableViewCell.xib in Resources */,
				59E6B41422BE5B8900A956DD /* Main.storyboard in Resources */,
				5974A89822C1FFBD00F02C93 /* UserTableViewCell.xib in Resources */,
			);
			runOnlyForDeploymentPostprocessing = 0;
		};
/* End PBXResourcesBuildPhase section */

/* Begin PBXShellScriptBuildPhase section */
		3C04ECEBF49BBB29A81221FE /* [CP] Check Pods Manifest.lock */ = {
			isa = PBXShellScriptBuildPhase;
			buildActionMask = 2147483647;
			files = (
			);
			inputFileListPaths = (
			);
			inputPaths = (
				"${PODS_PODFILE_DIR_PATH}/Podfile.lock",
				"${PODS_ROOT}/Manifest.lock",
			);
			name = "[CP] Check Pods Manifest.lock";
			outputFileListPaths = (
			);
			outputPaths = (
				"$(DERIVED_FILE_DIR)/Pods-ObjectCWork-checkManifestLockResult.txt",
			);
			runOnlyForDeploymentPostprocessing = 0;
			shellPath = /bin/sh;
			shellScript = "diff \"${PODS_PODFILE_DIR_PATH}/Podfile.lock\" \"${PODS_ROOT}/Manifest.lock\" > /dev/null\nif [ $? != 0 ] ; then\n    # print error to STDERR\n    echo \"error: The sandbox is not in sync with the Podfile.lock. Run 'pod install' or update your CocoaPods installation.\" >&2\n    exit 1\nfi\n# This output is used by Xcode 'outputs' to avoid re-running this script phase.\necho \"SUCCESS\" > \"${SCRIPT_OUTPUT_FILE_0}\"\n";
			showEnvVarsInLog = 0;
		};
/* End PBXShellScriptBuildPhase section */

/* Begin PBXSourcesBuildPhase section */
		59E6B40522BE5B8900A956DD /* Sources */ = {
			isa = PBXSourcesBuildPhase;
			buildActionMask = 2147483647;
			files = (
				5974A89322C1FD3C00F02C93 /* UserViewController.m in Sources */,
				59E6B41C22BE5B8A00A956DD /* main.m in Sources */,
				5974A89D22C21B5F00F02C93 /* WebViewController.m in Sources */,
				5974A89722C1FFBD00F02C93 /* UserTableViewCell.m in Sources */,
				59E6B42422BE5DB500A956DD /* SearchMainViewController.m in Sources */,
				5924F1F822C075A800F1E57A /* ITunesDataObject.m in Sources */,
				59E6B42F22BE66D200A956DD /* SearchMainTableViewCell.m in Sources */,
				59A49AD822BF7C26001A9507 /* AFNetworkingObject.m in Sources */,
				59A49AD422BF7802001A9507 /* ITunesProvider.m in Sources */,
				5974A88F22C1DEE900F02C93 /* UserStatusSingleton.m in Sources */,
				59E6B40E22BE5B8900A956DD /* AppDelegate.m in Sources */,
			);
			runOnlyForDeploymentPostprocessing = 0;
		};
/* End PBXSourcesBuildPhase section */

/* Begin PBXVariantGroup section */
		59E6B41222BE5B8900A956DD /* Main.storyboard */ = {
			isa = PBXVariantGroup;
			children = (
				59E6B41322BE5B8900A956DD /* Base */,
			);
			name = Main.storyboard;
			sourceTree = "<group>";
		};
		59E6B41722BE5B8A00A956DD /* LaunchScreen.storyboard */ = {
			isa = PBXVariantGroup;
			children = (
				59E6B41822BE5B8A00A956DD /* Base */,
			);
			name = LaunchScreen.storyboard;
			sourceTree = "<group>";
		};
/* End PBXVariantGroup section */

/* Begin XCBuildConfiguration section */
		59E6B41D22BE5B8A00A956DD /* Debug */ = {
			isa = XCBuildConfiguration;
			buildSettings = {
				ALWAYS_SEARCH_USER_PATHS = NO;
				CLANG_ANALYZER_NONNULL = YES;
				CLANG_ANALYZER_NUMBER_OBJECT_CONVERSION = YES_AGGRESSIVE;
				CLANG_CXX_LANGUAGE_STANDARD = "gnu++14";
				CLANG_CXX_LIBRARY = "libc++";
				CLANG_ENABLE_MODULES = YES;
				CLANG_ENABLE_OBJC_ARC = YES;
				CLANG_ENABLE_OBJC_WEAK = YES;
				CLANG_WARN_BLOCK_CAPTURE_AUTORELEASING = YES;
				CLANG_WARN_BOOL_CONVERSION = YES;
				CLANG_WARN_COMMA = YES;
				CLANG_WARN_CONSTANT_CONVERSION = YES;
				CLANG_WARN_DEPRECATED_OBJC_IMPLEMENTATIONS = YES;
				CLANG_WARN_DIRECT_OBJC_ISA_USAGE = YES_ERROR;
				CLANG_WARN_DOCUMENTATION_COMMENTS = YES;
				CLANG_WARN_EMPTY_BODY = YES;
				CLANG_WARN_ENUM_CONVERSION = YES;
				CLANG_WARN_INFINITE_RECURSION = YES;
				CLANG_WARN_INT_CONVERSION = YES;
				CLANG_WARN_NON_LITERAL_NULL_CONVERSION = YES;
				CLANG_WARN_OBJC_IMPLICIT_RETAIN_SELF = YES;
				CLANG_WARN_OBJC_LITERAL_CONVERSION = YES;
				CLANG_WARN_OBJC_ROOT_CLASS = YES_ERROR;
				CLANG_WARN_RANGE_LOOP_ANALYSIS = YES;
				CLANG_WARN_STRICT_PROTOTYPES = YES;
				CLANG_WARN_SUSPICIOUS_MOVE = YES;
				CLANG_WARN_UNGUARDED_AVAILABILITY = YES_AGGRESSIVE;
				CLANG_WARN_UNREACHABLE_CODE = YES;
				CLANG_WARN__DUPLICATE_METHOD_MATCH = YES;
				CODE_SIGN_IDENTITY = "iPhone Developer";
				COPY_PHASE_STRIP = NO;
				DEBUG_INFORMATION_FORMAT = dwarf;
				ENABLE_STRICT_OBJC_MSGSEND = YES;
				ENABLE_TESTABILITY = YES;
				GCC_C_LANGUAGE_STANDARD = gnu11;
				GCC_DYNAMIC_NO_PIC = NO;
				GCC_NO_COMMON_BLOCKS = YES;
				GCC_OPTIMIZATION_LEVEL = 0;
				GCC_PREPROCESSOR_DEFINITIONS = (
					"DEBUG=1",
					"$(inherited)",
				);
				GCC_WARN_64_TO_32_BIT_CONVERSION = YES;
				GCC_WARN_ABOUT_RETURN_TYPE = YES_ERROR;
				GCC_WARN_UNDECLARED_SELECTOR = YES;
				GCC_WARN_UNINITIALIZED_AUTOS = YES_AGGRESSIVE;
				GCC_WARN_UNUSED_FUNCTION = YES;
				GCC_WARN_UNUSED_VARIABLE = YES;
				IPHONEOS_DEPLOYMENT_TARGET = 12.2;
				MTL_ENABLE_DEBUG_INFO = INCLUDE_SOURCE;
				MTL_FAST_MATH = YES;
				ONLY_ACTIVE_ARCH = YES;
				SDKROOT = iphoneos;
			};
			name = Debug;
		};
		59E6B41E22BE5B8A00A956DD /* Release */ = {
			isa = XCBuildConfiguration;
			buildSettings = {
				ALWAYS_SEARCH_USER_PATHS = NO;
				CLANG_ANALYZER_NONNULL = YES;
				CLANG_ANALYZER_NUMBER_OBJECT_CONVERSION = YES_AGGRESSIVE;
				CLANG_CXX_LANGUAGE_STANDARD = "gnu++14";
				CLANG_CXX_LIBRARY = "libc++";
				CLANG_ENABLE_MODULES = YES;
				CLANG_ENABLE_OBJC_ARC = YES;
				CLANG_ENABLE_OBJC_WEAK = YES;
				CLANG_WARN_BLOCK_CAPTURE_AUTORELEASING = YES;
				CLANG_WARN_BOOL_CONVERSION = YES;
				CLANG_WARN_COMMA = YES;
				CLANG_WARN_CONSTANT_CONVERSION = YES;
				CLANG_WARN_DEPRECATED_OBJC_IMPLEMENTATIONS = YES;
				CLANG_WARN_DIRECT_OBJC_ISA_USAGE = YES_ERROR;
				CLANG_WARN_DOCUMENTATION_COMMENTS = YES;
				CLANG_WARN_EMPTY_BODY = YES;
				CLANG_WARN_ENUM_CONVERSION = YES;
				CLANG_WARN_INFINITE_RECURSION = YES;
				CLANG_WARN_INT_CONVERSION = YES;
				CLANG_WARN_NON_LITERAL_NULL_CONVERSION = YES;
				CLANG_WARN_OBJC_IMPLICIT_RETAIN_SELF = YES;
				CLANG_WARN_OBJC_LITERAL_CONVERSION = YES;
				CLANG_WARN_OBJC_ROOT_CLASS = YES_ERROR;
				CLANG_WARN_RANGE_LOOP_ANALYSIS = YES;
				CLANG_WARN_STRICT_PROTOTYPES = YES;
				CLANG_WARN_SUSPICIOUS_MOVE = YES;
				CLANG_WARN_UNGUARDED_AVAILABILITY = YES_AGGRESSIVE;
				CLANG_WARN_UNREACHABLE_CODE = YES;
				CLANG_WARN__DUPLICATE_METHOD_MATCH = YES;
				CODE_SIGN_IDENTITY = "iPhone Developer";
				COPY_PHASE_STRIP = NO;
				DEBUG_INFORMATION_FORMAT = "dwarf-with-dsym";
				ENABLE_NS_ASSERTIONS = NO;
				ENABLE_STRICT_OBJC_MSGSEND = YES;
				GCC_C_LANGUAGE_STANDARD = gnu11;
				GCC_NO_COMMON_BLOCKS = YES;
				GCC_WARN_64_TO_32_BIT_CONVERSION = YES;
				GCC_WARN_ABOUT_RETURN_TYPE = YES_ERROR;
				GCC_WARN_UNDECLARED_SELECTOR = YES;
				GCC_WARN_UNINITIALIZED_AUTOS = YES_AGGRESSIVE;
				GCC_WARN_UNUSED_FUNCTION = YES;
				GCC_WARN_UNUSED_VARIABLE = YES;
				IPHONEOS_DEPLOYMENT_TARGET = 12.2;
				MTL_ENABLE_DEBUG_INFO = NO;
				MTL_FAST_MATH = YES;
				SDKROOT = iphoneos;
				VALIDATE_PRODUCT = YES;
			};
			name = Release;
		};
		59E6B42022BE5B8A00A956DD /* Debug */ = {
			isa = XCBuildConfiguration;
			baseConfigurationReference = D6E8E22F77E0DD121084B648 /* Pods-ObjectCWork.debug.xcconfig */;
			buildSettings = {
				ASSETCATALOG_COMPILER_APPICON_NAME = AppIcon;
				CODE_SIGN_STYLE = Automatic;
				DEVELOPMENT_TEAM = G9J3D558CX;
				INFOPLIST_FILE = ObjectCWork/Info.plist;
				IPHONEOS_DEPLOYMENT_TARGET = 11.0;
				LD_RUNPATH_SEARCH_PATHS = (
					"$(inherited)",
					"@executable_path/Frameworks",
				);
				PRODUCT_BUNDLE_IDENTIFIER = com.chihhsuan.ObjectCWork;
				PRODUCT_NAME = "$(TARGET_NAME)";
				TARGETED_DEVICE_FAMILY = "1,2";
			};
			name = Debug;
		};
		59E6B42122BE5B8A00A956DD /* Release */ = {
			isa = XCBuildConfiguration;
			baseConfigurationReference = 04DE4DDA32EC54C1827629B7 /* Pods-ObjectCWork.release.xcconfig */;
			buildSettings = {
				ASSETCATALOG_COMPILER_APPICON_NAME = AppIcon;
				CODE_SIGN_STYLE = Automatic;
				DEVELOPMENT_TEAM = G9J3D558CX;
				INFOPLIST_FILE = ObjectCWork/Info.plist;
				IPHONEOS_DEPLOYMENT_TARGET = 11.0;
				LD_RUNPATH_SEARCH_PATHS = (
					"$(inherited)",
					"@executable_path/Frameworks",
				);
				PRODUCT_BUNDLE_IDENTIFIER = com.chihhsuan.ObjectCWork;
				PRODUCT_NAME = "$(TARGET_NAME)";
				TARGETED_DEVICE_FAMILY = "1,2";
			};
			name = Release;
		};
/* End XCBuildConfiguration section */

/* Begin XCConfigurationList section */
		59E6B40422BE5B8900A956DD /* Build configuration list for PBXProject "ObjectCWork" */ = {
			isa = XCConfigurationList;
			buildConfigurations = (
				59E6B41D22BE5B8A00A956DD /* Debug */,
				59E6B41E22BE5B8A00A956DD /* Release */,
			);
			defaultConfigurationIsVisible = 0;
			defaultConfigurationName = Release;
		};
		59E6B41F22BE5B8A00A956DD /* Build configuration list for PBXNativeTarget "ObjectCWork" */ = {
			isa = XCConfigurationList;
			buildConfigurations = (
				59E6B42022BE5B8A00A956DD /* Debug */,
				59E6B42122BE5B8A00A956DD /* Release */,
			);
			defaultConfigurationIsVisible = 0;
			defaultConfigurationName = Release;
		};
/* End XCConfigurationList section */
	};
	rootObject = 59E6B40122BE5B8900A956DD /* Project object */;
}
